
Microsoft Visual Studio Solution File, Format Version 12.00
# Visual Studio Version 16
VisualStudioVersion = 16.0.30225.117
MinimumVisualStudioVersion = 10.0.40219.1
Project("{2150E333-8FDC-42A3-9474-1A3956D46DE8}") = "Services", "Services", "{5E0A3A09-8D0C-446C-99D0-B232EBA098A8}"
EndProject
Project("{2150E333-8FDC-42A3-9474-1A3956D46DE8}") = "Application", "Application", "{2869DB35-F6A5-47B2-9AA0-92025DDE128E}"
EndProject
Project("{2150E333-8FDC-42A3-9474-1A3956D46DE8}") = "Domain", "Domain", "{33FF4DED-37AB-43B2-9261-13879637C9B0}"
EndProject
Project("{2150E333-8FDC-42A3-9474-1A3956D46DE8}") = "Infraestructure", "Infraestructure", "{E4D74951-E1B5-4AC4-97A4-F0EE456729AF}"
EndProject
Project("{FAE04EC0-301F-11D3-BF4B-00C04F79EFBC}") = "RestDDD.API", "RestDDD.API\RestDDD.API.csproj", "{B320CE63-DEF6-4B3B-BFB1-F3ACFB313AA4}"
EndProject
Project("{FAE04EC0-301F-11D3-BF4B-00C04F79EFBC}") = "RestDDD.Application", "RestDDD.Application\RestDDD.Application.csproj", "{EB9D973A-39B9-42BB-A6F0-9BA9C35B1F5D}"
EndProject
Project("{FAE04EC0-301F-11D3-BF4B-00C04F79EFBC}") = "RestDDD.Domain", "RestDDD.Domain\RestDDD.Domain.csproj", "{D1C531D2-0DF0-427F-B3B2-2C8FAD24BD73}"
EndProject
Project("{FAE04EC0-301F-11D3-BF4B-00C04F79EFBC}") = "RestDDD.Domain.Core", "RestDDD.Domain.Core\RestDDD.Domain.Core.csproj", "{017CAC4F-E239-47F3-8875-F70CEB53AA90}"
EndProject
Project("{FAE04EC0-301F-11D3-BF4B-00C04F79EFBC}") = "RestDDD.Domain.Services", "RestDDD.Domain.Services\RestDDD.Domain.Services.csproj", "{908DD1C9-043C-4F2F-B3D7-0AC061BCF0AE}"
EndProject
Project("{FAE04EC0-301F-11D3-BF4B-00C04F79EFBC}") = "RestDDD.Infraestructure", "RestDDD.Infraestructure\RestDDD.Infraestructure.csproj", "{6506235D-558E-4ECB-BD06-28EBEF1E2830}"
EndProject
Global
	GlobalSection(SolutionConfigurationPlatforms) = preSolution
		Debug|Any CPU = Debug|Any CPU
		Release|Any CPU = Release|Any CPU
	EndGlobalSection
	GlobalSection(ProjectConfigurationPlatforms) = postSolution
		{B320CE63-DEF6-4B3B-BFB1-F3ACFB313AA4}.Debug|Any CPU.ActiveCfg = Debug|Any CPU
		{B320CE63-DEF6-4B3B-BFB1-F3ACFB313AA4}.Debug|Any CPU.Build.0 = Debug|Any CPU
		{B320CE63-DEF6-4B3B-BFB1-F3ACFB313AA4}.Release|Any CPU.ActiveCfg = Release|Any CPU
		{B320CE63-DEF6-4B3B-BFB1-F3ACFB313AA4}.Release|Any CPU.Build.0 = Release|Any CPU
		{EB9D973A-39B9-42BB-A6F0-9BA9C35B1F5D}.Debug|Any CPU.ActiveCfg = Debug|Any CPU
		{EB9D973A-39B9-42BB-A6F0-9BA9C35B1F5D}.Debug|Any CPU.Build.0 = Debug|Any CPU
		{EB9D973A-39B9-42BB-A6F0-9BA9C35B1F5D}.Release|Any CPU.ActiveCfg = Release|Any CPU
		{EB9D973A-39B9-42BB-A6F0-9BA9C35B1F5D}.Release|Any CPU.Build.0 = Release|Any CPU
		{D1C531D2-0DF0-427F-B3B2-2C8FAD24BD73}.Debug|Any CPU.ActiveCfg = Debug|Any CPU
		{D1C531D2-0DF0-427F-B3B2-2C8FAD24BD73}.Debug|Any CPU.Build.0 = Debug|Any CPU
		{D1C531D2-0DF0-427F-B3B2-2C8FAD24BD73}.Release|Any CPU.ActiveCfg = Release|Any CPU
		{D1C531D2-0DF0-427F-B3B2-2C8FAD24BD73}.Release|Any CPU.Build.0 = Release|Any CPU
		{017CAC4F-E239-47F3-8875-F70CEB53AA90}.Debug|Any CPU.ActiveCfg = Debug|Any CPU
		{017CAC4F-E239-47F3-8875-F70CEB53AA90}.Debug|Any CPU.Build.0 = Debug|Any CPU
		{017CAC4F-E239-47F3-8875-F70CEB53AA90}.Release|Any CPU.ActiveCfg = Release|Any CPU
		{017CAC4F-E239-47F3-8875-F70CEB53AA90}.Release|Any CPU.Build.0 = Release|Any CPU
		{908DD1C9-043C-4F2F-B3D7-0AC061BCF0AE}.Debug|Any CPU.ActiveCfg = Debug|Any CPU
		{908DD1C9-043C-4F2F-B3D7-0AC061BCF0AE}.Debug|Any CPU.Build.0 = Debug|Any CPU
		{908DD1C9-043C-4F2F-B3D7-0AC061BCF0AE}.Release|Any CPU.ActiveCfg = Release|Any CPU
		{908DD1C9-043C-4F2F-B3D7-0AC061BCF0AE}.Release|Any CPU.Build.0 = Release|Any CPU
		{6506235D-558E-4ECB-BD06-28EBEF1E2830}.Debug|Any CPU.ActiveCfg = Debug|Any CPU
		{6506235D-558E-4ECB-BD06-28EBEF1E2830}.Debug|Any CPU.Build.0 = Debug|Any CPU
		{6506235D-558E-4ECB-BD06-28EBEF1E2830}.Release|Any CPU.ActiveCfg = Release|Any CPU
		{6506235D-558E-4ECB-BD06-28EBEF1E2830}.Release|Any CPU.Build.0 = Release|Any CPU
	EndGlobalSection
	GlobalSection(SolutionProperties) = preSolution
		HideSolutionNode = FALSE
	EndGlobalSection
	GlobalSection(NestedProjects) = preSolution
		{B320CE63-DEF6-4B3B-BFB1-F3ACFB313AA4} = {5E0A3A09-8D0C-446C-99D0-B232EBA098A8}
		{EB9D973A-39B9-42BB-A6F0-9BA9C35B1F5D} = {2869DB35-F6A5-47B2-9AA0-92025DDE128E}
		{D1C531D2-0DF0-427F-B3B2-2C8FAD24BD73} = {33FF4DED-37AB-43B2-9261-13879637C9B0}
		{017CAC4F-E239-47F3-8875-F70CEB53AA90} = {33FF4DED-37AB-43B2-9261-13879637C9B0}
		{908DD1C9-043C-4F2F-B3D7-0AC061BCF0AE} = {33FF4DED-37AB-43B2-9261-13879637C9B0}
		{6506235D-558E-4ECB-BD06-28EBEF1E2830} = {E4D74951-E1B5-4AC4-97A4-F0EE456729AF}
	EndGlobalSection
	GlobalSection(ExtensibilityGlobals) = postSolution
		SolutionGuid = {968787D2-DC49-4A50-AAD8-97766BBF1A75}
	EndGlobalSection
EndGlobal
